
Microsoft Visual Studio Solution File, Format Version 12.00
# Visual Studio 2012
Project("{FAE04EC0-301F-11D3-BF4B-00C04F79EFBC}") = "Sitecore.UniversalTrackerClient", "Sitecore.UniversalTrackerClient\Sitecore.UniversalTrackerClient.csproj", "{50A005FB-AA3C-4F37-9B98-E778E693B3BC}"
EndProject
Project("{FAE04EC0-301F-11D3-BF4B-00C04F79EFBC}") = "UniversalTrackerDemo", "Demo\UniversalTrackerDemo\UniversalTrackerDemo.csproj", "{9DB00321-73CD-4C5F-A290-78E98192B730}"
EndProject
Project("{FAE04EC0-301F-11D3-BF4B-00C04F79EFBC}") = "UniversalTrackerDemo.UITests", "Demo\UniversalTrackerDemo.UITests\UniversalTrackerDemo.UITests.csproj", "{EB62A010-5D3E-48E5-BB40-41DC6F2FF726}"
EndProject
Global
	GlobalSection(SolutionConfigurationPlatforms) = preSolution
		Debug|Any CPU = Debug|Any CPU
		Release|Any CPU = Release|Any CPU
		Debug|iPhoneSimulator = Debug|iPhoneSimulator
		Release|iPhone = Release|iPhone
		Release|iPhoneSimulator = Release|iPhoneSimulator
		Debug|iPhone = Debug|iPhone
	EndGlobalSection
	GlobalSection(ProjectConfigurationPlatforms) = postSolution
		{50A005FB-AA3C-4F37-9B98-E778E693B3BC}.Debug|Any CPU.ActiveCfg = Debug|Any CPU
		{50A005FB-AA3C-4F37-9B98-E778E693B3BC}.Debug|Any CPU.Build.0 = Debug|Any CPU
		{50A005FB-AA3C-4F37-9B98-E778E693B3BC}.Release|Any CPU.ActiveCfg = Release|Any CPU
		{50A005FB-AA3C-4F37-9B98-E778E693B3BC}.Release|Any CPU.Build.0 = Release|Any CPU
		{50A005FB-AA3C-4F37-9B98-E778E693B3BC}.Debug|iPhoneSimulator.ActiveCfg = Debug|Any CPU
		{50A005FB-AA3C-4F37-9B98-E778E693B3BC}.Debug|iPhoneSimulator.Build.0 = Debug|Any CPU
		{50A005FB-AA3C-4F37-9B98-E778E693B3BC}.Release|iPhone.ActiveCfg = Release|Any CPU
		{50A005FB-AA3C-4F37-9B98-E778E693B3BC}.Release|iPhone.Build.0 = Release|Any CPU
		{50A005FB-AA3C-4F37-9B98-E778E693B3BC}.Release|iPhoneSimulator.ActiveCfg = Release|Any CPU
		{50A005FB-AA3C-4F37-9B98-E778E693B3BC}.Release|iPhoneSimulator.Build.0 = Release|Any CPU
		{50A005FB-AA3C-4F37-9B98-E778E693B3BC}.Debug|iPhone.ActiveCfg = Debug|Any CPU
		{50A005FB-AA3C-4F37-9B98-E778E693B3BC}.Debug|iPhone.Build.0 = Debug|Any CPU
		{9DB00321-73CD-4C5F-A290-78E98192B730}.Debug|Any CPU.ActiveCfg = Debug|iPhoneSimulator
		{9DB00321-73CD-4C5F-A290-78E98192B730}.Debug|Any CPU.Build.0 = Debug|iPhoneSimulator
		{9DB00321-73CD-4C5F-A290-78E98192B730}.Release|Any CPU.ActiveCfg = Release|iPhone
		{9DB00321-73CD-4C5F-A290-78E98192B730}.Release|Any CPU.Build.0 = Release|iPhone
		{9DB00321-73CD-4C5F-A290-78E98192B730}.Debug|iPhoneSimulator.ActiveCfg = Debug|iPhoneSimulator
		{9DB00321-73CD-4C5F-A290-78E98192B730}.Debug|iPhoneSimulator.Build.0 = Debug|iPhoneSimulator
		{9DB00321-73CD-4C5F-A290-78E98192B730}.Release|iPhone.ActiveCfg = Release|iPhone
		{9DB00321-73CD-4C5F-A290-78E98192B730}.Release|iPhone.Build.0 = Release|iPhone
		{9DB00321-73CD-4C5F-A290-78E98192B730}.Release|iPhoneSimulator.ActiveCfg = Release|iPhoneSimulator
		{9DB00321-73CD-4C5F-A290-78E98192B730}.Release|iPhoneSimulator.Build.0 = Release|iPhoneSimulator
		{9DB00321-73CD-4C5F-A290-78E98192B730}.Debug|iPhone.ActiveCfg = Debug|iPhone
		{9DB00321-73CD-4C5F-A290-78E98192B730}.Debug|iPhone.Build.0 = Debug|iPhone
		{EB62A010-5D3E-48E5-BB40-41DC6F2FF726}.Debug|Any CPU.ActiveCfg = Debug|Any CPU
		{EB62A010-5D3E-48E5-BB40-41DC6F2FF726}.Debug|Any CPU.Build.0 = Debug|Any CPU
		{EB62A010-5D3E-48E5-BB40-41DC6F2FF726}.Release|Any CPU.ActiveCfg = Release|Any CPU
		{EB62A010-5D3E-48E5-BB40-41DC6F2FF726}.Release|Any CPU.Build.0 = Release|Any CPU
		{EB62A010-5D3E-48E5-BB40-41DC6F2FF726}.Debug|iPhoneSimulator.ActiveCfg = Debug|Any CPU
		{EB62A010-5D3E-48E5-BB40-41DC6F2FF726}.Debug|iPhoneSimulator.Build.0 = Debug|Any CPU
		{EB62A010-5D3E-48E5-BB40-41DC6F2FF726}.Release|iPhone.ActiveCfg = Release|Any CPU
		{EB62A010-5D3E-48E5-BB40-41DC6F2FF726}.Release|iPhone.Build.0 = Release|Any CPU
		{EB62A010-5D3E-48E5-BB40-41DC6F2FF726}.Release|iPhoneSimulator.ActiveCfg = Release|Any CPU
		{EB62A010-5D3E-48E5-BB40-41DC6F2FF726}.Release|iPhoneSimulator.Build.0 = Release|Any CPU
		{EB62A010-5D3E-48E5-BB40-41DC6F2FF726}.Debug|iPhone.ActiveCfg = Debug|Any CPU
		{EB62A010-5D3E-48E5-BB40-41DC6F2FF726}.Debug|iPhone.Build.0 = Debug|Any CPU
	EndGlobalSection
EndGlobal
